<?xml version="1.0" encoding="utf-8"?>
<Project ToolsVersion="4.0" xmlns="http://schemas.microsoft.com/developer/msbuild/2003">
  <ItemGroup>
    <Filter Include="Source files">
      <UniqueIdentifier>{4FC737F1-C7A5-4376-A066-2A32D752A2FF}</UniqueIdentifier>
      <Extensions>cpp;c;cc;cxx;c++;def;odl;idl;hpj;bat;asm;asmx</Extensions>
    </Filter>
  </ItemGroup>
  <ItemGroup>
    <ClCompile Include="..\..\flt\autopan.cpp">
      <Filter>Source files</Filter>
    </ClCompile>
    <ClCompile Include="..\..\flt\bandpass.cpp">
      <Filter>Source files</Filter>
    </ClCompile>
    <ClCompile Include="..\..\flt\capture.cpp">
      <Filter>Source files</Filter>
    </ClCompile>
    <ClCompile Include="..\..\flt\chorus.cpp">
      <Filter>Source files</Filter>
    </ClCompile>
    <ClCompile Include="..\..\flt\compress.cpp">
      <Filter>Source files</Filter>
    </ClCompile>
    <ClCompile Include="..\..\flt\dolby.cpp">
      <Filter>Source files</Filter>
    </ClCompile>
    <ClCompile Include="..\..\flt\flange.cpp">
      <Filter>Source files</Filter>
    </ClCompile>
    <ClCompile Include="..\..\flt\highpass.cpp">
      <Filter>Source files</Filter>
    </ClCompile>
    <ClCompile Include="..\..\flt\laginter.cpp">
      <Filter>Source files</Filter>
    </ClCompile>
    <ClCompile Include="..\..\flt\mdelay.cpp">
      <Filter>Source files</Filter>
    </ClCompile>
    <ClCompile Include="..\..\flt\mssdsp.c">
      <Filter>Source files</Filter>
    </ClCompile>
    <ClCompile Include="..\..\flt\parmeq.cpp">
      <Filter>Source files</Filter>
    </ClCompile>
    <ClCompile Include="..\..\flt\phaser.cpp">
      <Filter>Source files</Filter>
    </ClCompile>
    <ClCompile Include="..\..\flt\reson.cpp">
      <Filter>Source files</Filter>
    </ClCompile>
    <ClCompile Include="..\..\flt\ringmod.cpp">
      <Filter>Source files</Filter>
    </ClCompile>
    <ClCompile Include="..\..\flt\sdelay.cpp">
      <Filter>Source files</Filter>
    </ClCompile>
    <ClCompile Include="..\..\flt\shelfeq.cpp">
      <Filter>Source files</Filter>
    </ClCompile>
  </ItemGroup>
</Project>