<?xml version="1.0" encoding="utf-8"?>
<Project ToolsVersion="4.0" xmlns="http://schemas.microsoft.com/developer/msbuild/2003">
  <ItemGroup>
    <Filter Include="Source Files">
      <UniqueIdentifier>{fd4efc57-2cbe-4ee0-8828-5c297bdd21bd}</UniqueIdentifier>
    </Filter>
    <Filter Include="Include Files">
      <UniqueIdentifier>{83a6486c-cb50-4d9f-b149-ef7386d58b88}</UniqueIdentifier>
    </Filter>
  </ItemGroup>
  <ItemGroup>
    <ClCompile Include="..\shared\wavefile.cpp">
      <Filter>Source Files</Filter>
    </ClCompile>
    <ClCompile Include="..\shared\synth.cpp">
      <Filter>Source Files</Filter>
    </ClCompile>
    <ClCompile Include="mssxmidi.c">
      <Filter>Source Files</Filter>
    </ClCompile>
    <ClCompile Include="..\shared\rib.cpp">
      <Filter>Source Files</Filter>
    </ClCompile>
    <ClCompile Include="..\shared\mssxdig.c">
      <Filter>Source Files</Filter>
    </ClCompile>
    <ClCompile Include="..\shared\mssutil.cpp">
      <Filter>Source Files</Filter>
    </ClCompile>
    <ClCompile Include="msssys.c">
      <Filter>Source Files</Filter>
    </ClCompile>
    <ClCompile Include="..\shared\mssstrm.cpp">
      <Filter>Source Files</Filter>
    </ClCompile>
    <ClCompile Include="..\shared\mssqapi.c">
      <Filter>Source Files</Filter>
    </ClCompile>
    <ClCompile Include="mssinput.cpp">
      <Filter>Source Files</Filter>
    </ClCompile>
    <ClCompile Include="mssdig.cpp">
      <Filter>Source Files</Filter>
    </ClCompile>
    <ClCompile Include="..\shared\mssdbg.c">
      <Filter>Source Files</Filter>
    </ClCompile>
    <ClCompile Include="msscd.c">
      <Filter>Source Files</Filter>
    </ClCompile>
    <ClCompile Include="..\shared\mssadpcm.cpp">
      <Filter>Source Files</Filter>
    </ClCompile>
    <ClCompile Include="mss.cpp">
      <Filter>Source Files</Filter>
    </ClCompile>
    <ClCompile Include="..\shared\mixbuild.c">
      <Filter>Source Files</Filter>
    </ClCompile>
    <ClCompile Include="..\shared\miscutil.cpp">
      <Filter>Source Files</Filter>
    </ClCompile>
    <ClCompile Include="..\shared\midilist.c">
      <Filter>Source Files</Filter>
    </ClCompile>
    <ClCompile Include="..\shared\midi2xmi.c">
      <Filter>Source Files</Filter>
    </ClCompile>
    <ClCompile Include="..\shared\m3d.cpp">
      <Filter>Source Files</Filter>
    </ClCompile>
    <ClCompile Include="..\shared\flt.cpp">
      <Filter>Source Files</Filter>
    </ClCompile>
    <ClCompile Include="..\shared\dlslist.cpp">
      <Filter>Source Files</Filter>
    </ClCompile>
    <ClCompile Include="..\shared\dlshl.c">
      <Filter>Source Files</Filter>
    </ClCompile>
    <ClCompile Include="..\shared\dlsfile.cpp">
      <Filter>Source Files</Filter>
    </ClCompile>
    <ClCompile Include="..\shared\dls1syn.cpp">
      <Filter>Source Files</Filter>
    </ClCompile>
    <ClCompile Include="..\shared\dls1pars.cpp">
      <Filter>Source Files</Filter>
    </ClCompile>
  </ItemGroup>
  <ItemGroup>
    <ClInclude Include="..\shared\dls1.h">
      <Filter>Include Files</Filter>
    </ClInclude>
    <ClInclude Include="..\shared\imssapi.h">
      <Filter>Include Files</Filter>
    </ClInclude>
    <ClInclude Include="..\shared\mssdls.h">
      <Filter>Include Files</Filter>
    </ClInclude>
    <ClInclude Include="..\shared\rib.h">
      <Filter>Include Files</Filter>
    </ClInclude>
    <ClInclude Include="..\shared\synth.h">
      <Filter>Include Files</Filter>
    </ClInclude>
    <ClInclude Include="..\include\mss.h">
      <Filter>Include Files</Filter>
    </ClInclude>
  </ItemGroup>
  <ItemGroup>
    <ResourceCompile Include="mss.rc" />
  </ItemGroup>
  <ItemGroup>
    <MASM Include="..\shared\mssa32.asm" />
  </ItemGroup>
</Project>